// !$*UTF8*$!
{
	archiveVersion = 1;
	classes = {
	};
	objectVersion = 48;
	objects = {

/* Begin PBXBuildFile section */
		3794F75820612E7D00D5DA66 /* AppDelegate.swift in Sources */ = {isa = PBXBuildFile; fileRef = 3794F75720612E7D00D5DA66 /* AppDelegate.swift */; };
		3794F75A20612E7D00D5DA66 /* ViewController.swift in Sources */ = {isa = PBXBuildFile; fileRef = 3794F75920612E7D00D5DA66 /* ViewController.swift */; };
		3794F75D20612E7D00D5DA66 /* Main.storyboard in Resources */ = {isa = PBXBuildFile; fileRef = 3794F75B20612E7D00D5DA66 /* Main.storyboard */; };
		3794F76020612E7D00D5DA66 /* Steam_Ios_Authenticator.xcdatamodeld in Sources */ = {isa = PBXBuildFile; fileRef = 3794F75E20612E7D00D5DA66 /* Steam_Ios_Authenticator.xcdatamodeld */; };
		3794F76220612E7D00D5DA66 /* Assets.xcassets in Resources */ = {isa = PBXBuildFile; fileRef = 3794F76120612E7D00D5DA66 /* Assets.xcassets */; };
		3794F76520612E7D00D5DA66 /* LaunchScreen.storyboard in Resources */ = {isa = PBXBuildFile; fileRef = 3794F76320612E7D00D5DA66 /* LaunchScreen.storyboard */; };
		3794F77020612E7D00D5DA66 /* Steam_Ios_AuthenticatorTests.swift in Sources */ = {isa = PBXBuildFile; fileRef = 3794F76F20612E7D00D5DA66 /* Steam_Ios_AuthenticatorTests.swift */; };
		3794F77B20612E7D00D5DA66 /* Steam_Ios_AuthenticatorUITests.swift in Sources */ = {isa = PBXBuildFile; fileRef = 3794F77A20612E7D00D5DA66 /* Steam_Ios_AuthenticatorUITests.swift */; };
/* End PBXBuildFile section */

/* Begin PBXContainerItemProxy section */
		3794F76C20612E7D00D5DA66 /* PBXContainerItemProxy */ = {
			isa = PBXContainerItemProxy;
			containerPortal = 3794F74C20612E7D00D5DA66 /* Project object */;
			proxyType = 1;
			remoteGlobalIDString = 3794F75320612E7D00D5DA66;
			remoteInfo = "Steam Ios Authenticator";
		};
		3794F77720612E7D00D5DA66 /* PBXContainerItemProxy */ = {
			isa = PBXContainerItemProxy;
			containerPortal = 3794F74C20612E7D00D5DA66 /* Project object */;
			proxyType = 1;
			remoteGlobalIDString = 3794F75320612E7D00D5DA66;
			remoteInfo = "Steam Ios Authenticator";
		};
/* End PBXContainerItemProxy section */

/* Begin PBXFileReference section */
		3794F75420612E7D00D5DA66 /* Steam Ios Authenticator.app */ = {isa = PBXFileReference; explicitFileType = wrapper.application; includeInIndex = 0; path = "Steam Ios Authenticator.app"; sourceTree = BUILT_PRODUCTS_DIR; };
		3794F75720612E7D00D5DA66 /* AppDelegate.swift */ = {isa = PBXFileReference; lastKnownFileType = sourcecode.swift; path = AppDelegate.swift; sourceTree = "<group>"; };
		3794F75920612E7D00D5DA66 /* ViewController.swift */ = {isa = PBXFileReference; lastKnownFileType = sourcecode.swift; path = ViewController.swift; sourceTree = "<group>"; };
		3794F75C20612E7D00D5DA66 /* Base */ = {isa = PBXFileReference; lastKnownFileType = file.storyboard; name = Base; path = Base.lproj/Main.storyboard; sourceTree = "<group>"; };
		3794F75F20612E7D00D5DA66 /* Steam_Ios_Authenticator.xcdatamodel */ = {isa = PBXFileReference; lastKnownFileType = wrapper.xcdatamodel; path = Steam_Ios_Authenticator.xcdatamodel; sourceTree = "<group>"; };
		3794F76120612E7D00D5DA66 /* Assets.xcassets */ = {isa = PBXFileReference; lastKnownFileType = folder.assetcatalog; path = Assets.xcassets; sourceTree = "<group>"; };
		3794F76420612E7D00D5DA66 /* Base */ = {isa = PBXFileReference; lastKnownFileType = file.storyboard; name = Base; path = Base.lproj/LaunchScreen.storyboard; sourceTree = "<group>"; };
		3794F76620612E7D00D5DA66 /* Info.plist */ = {isa = PBXFileReference; lastKnownFileType = text.plist.xml; path = Info.plist; sourceTree = "<group>"; };
		3794F76B20612E7D00D5DA66 /* Steam Ios AuthenticatorTests.xctest */ = {isa = PBXFileReference; explicitFileType = wrapper.cfbundle; includeInIndex = 0; path = "Steam Ios AuthenticatorTests.xctest"; sourceTree = BUILT_PRODUCTS_DIR; };
		3794F76F20612E7D00D5DA66 /* Steam_Ios_AuthenticatorTests.swift */ = {isa = PBXFileReference; lastKnownFileType = sourcecode.swift; path = Steam_Ios_AuthenticatorTests.swift; sourceTree = "<group>"; };
		3794F77120612E7D00D5DA66 /* Info.plist */ = {isa = PBXFileReference; lastKnownFileType = text.plist.xml; path = Info.plist; sourceTree = "<group>"; };
		3794F77620612E7D00D5DA66 /* Steam Ios AuthenticatorUITests.xctest */ = {isa = PBXFileReference; explicitFileType = wrapper.cfbundle; includeInIndex = 0; path = "Steam Ios AuthenticatorUITests.xctest"; sourceTree = BUILT_PRODUCTS_DIR; };
		3794F77A20612E7D00D5DA66 /* Steam_Ios_AuthenticatorUITests.swift */ = {isa = PBXFileReference; lastKnownFileType = sourcecode.swift; path = Steam_Ios_AuthenticatorUITests.swift; sourceTree = "<group>"; };
		3794F77C20612E7D00D5DA66 /* Info.plist */ = {isa = PBXFileReference; lastKnownFileType = text.plist.xml; path = Info.plist; sourceTree = "<group>"; };
/* End PBXFileReference section */

/* Begin PBXFrameworksBuildPhase section */
		3794F75120612E7D00D5DA66 /* Frameworks */ = {
			isa = PBXFrameworksBuildPhase;
			buildActionMask = 2147483647;
			files = (
			);
			runOnlyForDeploymentPostprocessing = 0;
		};
		3794F76820612E7D00D5DA66 /* Frameworks */ = {
			isa = PBXFrameworksBuildPhase;
			buildActionMask = 2147483647;
			files = (
			);
			runOnlyForDeploymentPostprocessing = 0;
		};
		3794F77320612E7D00D5DA66 /* Frameworks */ = {
			isa = PBXFrameworksBuildPhase;
			buildActionMask = 2147483647;
			files = (
			);
			runOnlyForDeploymentPostprocessing = 0;
		};
/* End PBXFrameworksBuildPhase section */

/* Begin PBXGroup section */
		3794F74B20612E7D00D5DA66 = {
			isa = PBXGroup;
			children = (
				3794F75620612E7D00D5DA66 /* Steam Ios Authenticator */,
				3794F76E20612E7D00D5DA66 /* Steam Ios AuthenticatorTests */,
				3794F77920612E7D00D5DA66 /* Steam Ios AuthenticatorUITests */,
				3794F75520612E7D00D5DA66 /* Products */,
			);
			sourceTree = "<group>";
		};
		3794F75520612E7D00D5DA66 /* Products */ = {
			isa = PBXGroup;
			children = (
				3794F75420612E7D00D5DA66 /* Steam Ios Authenticator.app */,
				3794F76B20612E7D00D5DA66 /* Steam Ios AuthenticatorTests.xctest */,
				3794F77620612E7D00D5DA66 /* Steam Ios AuthenticatorUITests.xctest */,
			);
			name = Products;
			sourceTree = "<group>";
		};
		3794F75620612E7D00D5DA66 /* Steam Ios Authenticator */ = {
			isa = PBXGroup;
			children = (
				3794F75720612E7D00D5DA66 /* AppDelegate.swift */,
				3794F75920612E7D00D5DA66 /* ViewController.swift */,
				3794F75B20612E7D00D5DA66 /* Main.storyboard */,
				3794F76120612E7D00D5DA66 /* Assets.xcassets */,
				3794F76320612E7D00D5DA66 /* LaunchScreen.storyboard */,
				3794F76620612E7D00D5DA66 /* Info.plist */,
				3794F75E20612E7D00D5DA66 /* Steam_Ios_Authenticator.xcdatamodeld */,
			);
			path = "Steam Ios Authenticator";
			sourceTree = "<group>";
		};
		3794F76E20612E7D00D5DA66 /* Steam Ios AuthenticatorTests */ = {
			isa = PBXGroup;
			children = (
				3794F76F20612E7D00D5DA66 /* Steam_Ios_AuthenticatorTests.swift */,
				3794F77120612E7D00D5DA66 /* Info.plist */,
			);
			path = "Steam Ios AuthenticatorTests";
			sourceTree = "<group>";
		};
		3794F77920612E7D00D5DA66 /* Steam Ios AuthenticatorUITests */ = {
			isa = PBXGroup;
			children = (
				3794F77A20612E7D00D5DA66 /* Steam_Ios_AuthenticatorUITests.swift */,
				3794F77C20612E7D00D5DA66 /* Info.plist */,
			);
			path = "Steam Ios AuthenticatorUITests";
			sourceTree = "<group>";
		};
/* End PBXGroup section */

/* Begin PBXNativeTarget section */
		3794F75320612E7D00D5DA66 /* Steam Ios Authenticator */ = {
			isa = PBXNativeTarget;
			buildConfigurationList = 3794F77F20612E7D00D5DA66 /* Build configuration list for PBXNativeTarget "Steam Ios Authenticator" */;
			buildPhases = (
				3794F75020612E7D00D5DA66 /* Sources */,
				3794F75120612E7D00D5DA66 /* Frameworks */,
				3794F75220612E7D00D5DA66 /* Resources */,
			);
			buildRules = (
			);
			dependencies = (
			);
			name = "Steam Ios Authenticator";
			productName = "Steam Ios Authenticator";
			productReference = 3794F75420612E7D00D5DA66 /* Steam Ios Authenticator.app */;
			productType = "com.apple.product-type.application";
		};
		3794F76A20612E7D00D5DA66 /* Steam Ios AuthenticatorTests */ = {
			isa = PBXNativeTarget;
			buildConfigurationList = 3794F78220612E7D00D5DA66 /* Build configuration list for PBXNativeTarget "Steam Ios AuthenticatorTests" */;
			buildPhases = (
				3794F76720612E7D00D5DA66 /* Sources */,
				3794F76820612E7D00D5DA66 /* Frameworks */,
				3794F76920612E7D00D5DA66 /* Resources */,
			);
			buildRules = (
			);
			dependencies = (
				3794F76D20612E7D00D5DA66 /* PBXTargetDependency */,
			);
			name = "Steam Ios AuthenticatorTests";
			productName = "Steam Ios AuthenticatorTests";
			productReference = 3794F76B20612E7D00D5DA66 /* Steam Ios AuthenticatorTests.xctest */;
			productType = "com.apple.product-type.bundle.unit-test";
		};
		3794F77520612E7D00D5DA66 /* Steam Ios AuthenticatorUITests */ = {
			isa = PBXNativeTarget;
			buildConfigurationList = 3794F78520612E7D00D5DA66 /* Build configuration list for PBXNativeTarget "Steam Ios AuthenticatorUITests" */;
			buildPhases = (
				3794F77220612E7D00D5DA66 /* Sources */,
				3794F77320612E7D00D5DA66 /* Frameworks */,
				3794F77420612E7D00D5DA66 /* Resources */,
			);
			buildRules = (
			);
			dependencies = (
				3794F77820612E7D00D5DA66 /* PBXTargetDependency */,
			);
			name = "Steam Ios AuthenticatorUITests";
			productName = "Steam Ios AuthenticatorUITests";
			productReference = 3794F77620612E7D00D5DA66 /* Steam Ios AuthenticatorUITests.xctest */;
			productType = "com.apple.product-type.bundle.ui-testing";
		};
/* End PBXNativeTarget section */

/* Begin PBXProject section */
		3794F74C20612E7D00D5DA66 /* Project object */ = {
			isa = PBXProject;
			attributes = {
				LastSwiftUpdateCheck = 0920;
				LastUpgradeCheck = 0920;
				ORGANIZATIONNAME = "Ислам Киясов";
				TargetAttributes = {
					3794F75320612E7D00D5DA66 = {
						CreatedOnToolsVersion = 9.2;
						ProvisioningStyle = Automatic;
					};
					3794F76A20612E7D00D5DA66 = {
						CreatedOnToolsVersion = 9.2;
						ProvisioningStyle = Automatic;
						TestTargetID = 3794F75320612E7D00D5DA66;
					};
					3794F77520612E7D00D5DA66 = {
						CreatedOnToolsVersion = 9.2;
						ProvisioningStyle = Automatic;
						TestTargetID = 3794F75320612E7D00D5DA66;
					};
				};
			};
			buildConfigurationList = 3794F74F20612E7D00D5DA66 /* Build configuration list for PBXProject "Steam Ios Authenticator" */;
			compatibilityVersion = "Xcode 8.0";
			developmentRegion = en;
			hasScannedForEncodings = 0;
			knownRegions = (
				en,
				Base,
			);
			mainGroup = 3794F74B20612E7D00D5DA66;
			productRefGroup = 3794F75520612E7D00D5DA66 /* Products */;
			projectDirPath = "";
			projectRoot = "";
			targets = (
				3794F75320612E7D00D5DA66 /* Steam Ios Authenticator */,
				3794F76A20612E7D00D5DA66 /* Steam Ios AuthenticatorTests */,
				3794F77520612E7D00D5DA66 /* Steam Ios AuthenticatorUITests */,
			);
		};
/* End PBXProject section */

/* Begin PBXResourcesBuildPhase section */
		3794F75220612E7D00D5DA66 /* Resources */ = {
			isa = PBXResourcesBuildPhase;
			buildActionMask = 2147483647;
			files = (
				3794F76520612E7D00D5DA66 /* LaunchScreen.storyboard in Resources */,
				3794F76220612E7D00D5DA66 /* Assets.xcassets in Resources */,
				3794F75D20612E7D00D5DA66 /* Main.storyboard in Resources */,
			);
			runOnlyForDeploymentPostprocessing = 0;
		};
		3794F76920612E7D00D5DA66 /* Resources */ = {
			isa = PBXResourcesBuildPhase;
			buildActionMask = 2147483647;
			files = (
			);
			runOnlyForDeploymentPostprocessing = 0;
		};
		3794F77420612E7D00D5DA66 /* Resources */ = {
			isa = PBXResourcesBuildPhase;
			buildActionMask = 2147483647;
			files = (
			);
			runOnlyForDeploymentPostprocessing = 0;
		};
/* End PBXResourcesBuildPhase section */

/* Begin PBXSourcesBuildPhase section */
		3794F75020612E7D00D5DA66 /* Sources */ = {
			isa = PBXSourcesBuildPhase;
			buildActionMask = 2147483647;
			files = (
				3794F75A20612E7D00D5DA66 /* ViewController.swift in Sources */,
				3794F75820612E7D00D5DA66 /* AppDelegate.swift in Sources */,
				3794F76020612E7D00D5DA66 /* Steam_Ios_Authenticator.xcdatamodeld in Sources */,
			);
			runOnlyForDeploymentPostprocessing = 0;
		};
		3794F76720612E7D00D5DA66 /* Sources */ = {
			isa = PBXSourcesBuildPhase;
			buildActionMask = 2147483647;
			files = (
				3794F77020612E7D00D5DA66 /* Steam_Ios_AuthenticatorTests.swift in Sources */,
			);
			runOnlyForDeploymentPostprocessing = 0;
		};
		3794F77220612E7D00D5DA66 /* Sources */ = {
			isa = PBXSourcesBuildPhase;
			buildActionMask = 2147483647;
			files = (
				3794F77B20612E7D00D5DA66 /* Steam_Ios_AuthenticatorUITests.swift in Sources */,
			);
			runOnlyForDeploymentPostprocessing = 0;
		};
/* End PBXSourcesBuildPhase section */

/* Begin PBXTargetDependency section */
		3794F76D20612E7D00D5DA66 /* PBXTargetDependency */ = {
			isa = PBXTargetDependency;
			target = 3794F75320612E7D00D5DA66 /* Steam Ios Authenticator */;
			targetProxy = 3794F76C20612E7D00D5DA66 /* PBXContainerItemProxy */;
		};
		3794F77820612E7D00D5DA66 /* PBXTargetDependency */ = {
			isa = PBXTargetDependency;
			target = 3794F75320612E7D00D5DA66 /* Steam Ios Authenticator */;
			targetProxy = 3794F77720612E7D00D5DA66 /* PBXContainerItemProxy */;
		};
/* End PBXTargetDependency section */

/* Begin PBXVariantGroup section */
		3794F75B20612E7D00D5DA66 /* Main.storyboard */ = {
			isa = PBXVariantGroup;
			children = (
				3794F75C20612E7D00D5DA66 /* Base */,
			);
			name = Main.storyboard;
			sourceTree = "<group>";
		};
		3794F76320612E7D00D5DA66 /* LaunchScreen.storyboard */ = {
			isa = PBXVariantGroup;
			children = (
				3794F76420612E7D00D5DA66 /* Base */,
			);
			name = LaunchScreen.storyboard;
			sourceTree = "<group>";
		};
/* End PBXVariantGroup section */

/* Begin XCBuildConfiguration section */
		3794F77D20612E7D00D5DA66 /* Debug */ = {
			isa = XCBuildConfiguration;
			buildSettings = {
				ALWAYS_SEARCH_USER_PATHS = NO;
				CLANG_ANALYZER_NONNULL = YES;
				CLANG_ANALYZER_NUMBER_OBJECT_CONVERSION = YES_AGGRESSIVE;
				CLANG_CXX_LANGUAGE_STANDARD = "gnu++14";
				CLANG_CXX_LIBRARY = "libc++";
				CLANG_ENABLE_MODULES = YES;
				CLANG_ENABLE_OBJC_ARC = YES;
				CLANG_WARN_BLOCK_CAPTURE_AUTORELEASING = YES;
				CLANG_WARN_BOOL_CONVERSION = YES;
				CLANG_WARN_COMMA = YES;
				CLANG_WARN_CONSTANT_CONVERSION = YES;
				CLANG_WARN_DIRECT_OBJC_ISA_USAGE = YES_ERROR;
				CLANG_WARN_DOCUMENTATION_COMMENTS = YES;
				CLANG_WARN_EMPTY_BODY = YES;
				CLANG_WARN_ENUM_CONVERSION = YES;
				CLANG_WARN_INFINITE_RECURSION = YES;
				CLANG_WARN_INT_CONVERSION = YES;
				CLANG_WARN_NON_LITERAL_NULL_CONVERSION = YES;
				CLANG_WARN_OBJC_LITERAL_CONVERSION = YES;
				CLANG_WARN_OBJC_ROOT_CLASS = YES_ERROR;
				CLANG_WARN_RANGE_LOOP_ANALYSIS = YES;
				CLANG_WARN_STRICT_PROTOTYPES = YES;
				CLANG_WARN_SUSPICIOUS_MOVE = YES;
				CLANG_WARN_UNGUARDED_AVAILABILITY = YES_AGGRESSIVE;
				CLANG_WARN_UNREACHABLE_CODE = YES;
				CLANG_WARN__DUPLICATE_METHOD_MATCH = YES;
				CODE_SIGN_IDENTITY = "iPhone Developer";
				COPY_PHASE_STRIP = NO;
				DEBUG_INFORMATION_FORMAT = dwarf;
				ENABLE_STRICT_OBJC_MSGSEND = YES;
				ENABLE_TESTABILITY = YES;
				GCC_C_LANGUAGE_STANDARD = gnu11;
				GCC_DYNAMIC_NO_PIC = NO;
				GCC_NO_COMMON_BLOCKS = YES;
				GCC_OPTIMIZATION_LEVEL = 0;
				GCC_PREPROCESSOR_DEFINITIONS = (
					"DEBUG=1",
					"$(inherited)",
				);
				GCC_WARN_64_TO_32_BIT_CONVERSION = YES;
				GCC_WARN_ABOUT_RETURN_TYPE = YES_ERROR;
				GCC_WARN_UNDECLARED_SELECTOR = YES;
				GCC_WARN_UNINITIALIZED_AUTOS = YES_AGGRESSIVE;
				GCC_WARN_UNUSED_FUNCTION = YES;
				GCC_WARN_UNUSED_VARIABLE = YES;
				IPHONEOS_DEPLOYMENT_TARGET = 11.2;
				MTL_ENABLE_DEBUG_INFO = YES;
				ONLY_ACTIVE_ARCH = YES;
				SDKROOT = iphoneos;
				SWIFT_ACTIVE_COMPILATION_CONDITIONS = DEBUG;
				SWIFT_OPTIMIZATION_LEVEL = "-Onone";
			};
			name = Debug;
		};
		3794F77E20612E7D00D5DA66 /* Release */ = {
			isa = XCBuildConfiguration;
			buildSettings = {
				ALWAYS_SEARCH_USER_PATHS = NO;
				CLANG_ANALYZER_NONNULL = YES;
				CLANG_ANALYZER_NUMBER_OBJECT_CONVERSION = YES_AGGRESSIVE;
				CLANG_CXX_LANGUAGE_STANDARD = "gnu++14";
				CLANG_CXX_LIBRARY = "libc++";
				CLANG_ENABLE_MODULES = YES;
				CLANG_ENABLE_OBJC_ARC = YES;
				CLANG_WARN_BLOCK_CAPTURE_AUTORELEASING = YES;
				CLANG_WARN_BOOL_CONVERSION = YES;
				CLANG_WARN_COMMA = YES;
				CLANG_WARN_CONSTANT_CONVERSION = YES;
				CLANG_WARN_DIRECT_OBJC_ISA_USAGE = YES_ERROR;
				CLANG_WARN_DOCUMENTATION_COMMENTS = YES;
				CLANG_WARN_EMPTY_BODY = YES;
				CLANG_WARN_ENUM_CONVERSION = YES;
				CLANG_WARN_INFINITE_RECURSION = YES;
				CLANG_WARN_INT_CONVERSION = YES;
				CLANG_WARN_NON_LITERAL_NULL_CONVERSION = YES;
				CLANG_WARN_OBJC_LITERAL_CONVERSION = YES;
				CLANG_WARN_OBJC_ROOT_CLASS = YES_ERROR;
				CLANG_WARN_RANGE_LOOP_ANALYSIS = YES;
				CLANG_WARN_STRICT_PROTOTYPES = YES;
				CLANG_WARN_SUSPICIOUS_MOVE = YES;
				CLANG_WARN_UNGUARDED_AVAILABILITY = YES_AGGRESSIVE;
				CLANG_WARN_UNREACHABLE_CODE = YES;
				CLANG_WARN__DUPLICATE_METHOD_MATCH = YES;
				CODE_SIGN_IDENTITY = "iPhone Developer";
				COPY_PHASE_STRIP = NO;
				DEBUG_INFORMATION_FORMAT = "dwarf-with-dsym";
				ENABLE_NS_ASSERTIONS = NO;
				ENABLE_STRICT_OBJC_MSGSEND = YES;
				GCC_C_LANGUAGE_STANDARD = gnu11;
				GCC_NO_COMMON_BLOCKS = YES;
				GCC_WARN_64_TO_32_BIT_CONVERSION = YES;
				GCC_WARN_ABOUT_RETURN_TYPE = YES_ERROR;
				GCC_WARN_UNDECLARED_SELECTOR = YES;
				GCC_WARN_UNINITIALIZED_AUTOS = YES_AGGRESSIVE;
				GCC_WARN_UNUSED_FUNCTION = YES;
				GCC_WARN_UNUSED_VARIABLE = YES;
				IPHONEOS_DEPLOYMENT_TARGET = 11.2;
				MTL_ENABLE_DEBUG_INFO = NO;
				SDKROOT = iphoneos;
				SWIFT_OPTIMIZATION_LEVEL = "-Owholemodule";
				VALIDATE_PRODUCT = YES;
			};
			name = Release;
		};
		3794F78020612E7D00D5DA66 /* Debug */ = {
			isa = XCBuildConfiguration;
			buildSettings = {
				ASSETCATALOG_COMPILER_APPICON_NAME = AppIcon;
				CODE_SIGN_STYLE = Automatic;
				INFOPLIST_FILE = "Steam Ios Authenticator/Info.plist";
				LD_RUNPATH_SEARCH_PATHS = "$(inherited) @executable_path/Frameworks";
				PRODUCT_BUNDLE_IDENTIFIER = "kiyasov.ru.Steam-Ios-Authenticator";
				PRODUCT_NAME = "$(TARGET_NAME)";
				SWIFT_VERSION = 4.0;
				TARGETED_DEVICE_FAMILY = "1,2";
			};
			name = Debug;
		};
		3794F78120612E7D00D5DA66 /* Release */ = {
			isa = XCBuildConfiguration;
			buildSettings = {
				ASSETCATALOG_COMPILER_APPICON_NAME = AppIcon;
				CODE_SIGN_STYLE = Automatic;
				INFOPLIST_FILE = "Steam Ios Authenticator/Info.plist";
				LD_RUNPATH_SEARCH_PATHS = "$(inherited) @executable_path/Frameworks";
				PRODUCT_BUNDLE_IDENTIFIER = "kiyasov.ru.Steam-Ios-Authenticator";
				PRODUCT_NAME = "$(TARGET_NAME)";
				SWIFT_VERSION = 4.0;
				TARGETED_DEVICE_FAMILY = "1,2";
			};
			name = Release;
		};
		3794F78320612E7D00D5DA66 /* Debug */ = {
			isa = XCBuildConfiguration;
			buildSettings = {
				ALWAYS_EMBED_SWIFT_STANDARD_LIBRARIES = YES;
				BUNDLE_LOADER = "$(TEST_HOST)";
				CODE_SIGN_STYLE = Automatic;
				INFOPLIST_FILE = "Steam Ios AuthenticatorTests/Info.plist";
				LD_RUNPATH_SEARCH_PATHS = "$(inherited) @executable_path/Frameworks @loader_path/Frameworks";
				PRODUCT_BUNDLE_IDENTIFIER = "kiyasov.ru.Steam-Ios-AuthenticatorTests";
				PRODUCT_NAME = "$(TARGET_NAME)";
				SWIFT_VERSION = 4.0;
				TARGETED_DEVICE_FAMILY = "1,2";
				TEST_HOST = "$(BUILT_PRODUCTS_DIR)/Steam Ios Authenticator.app/Steam Ios Authenticator";
			};
			name = Debug;
		};
		3794F78420612E7D00D5DA66 /* Release */ = {
			isa = XCBuildConfiguration;
			buildSettings = {
				ALWAYS_EMBED_SWIFT_STANDARD_LIBRARIES = YES;
				BUNDLE_LOADER = "$(TEST_HOST)";
				CODE_SIGN_STYLE = Automatic;
				INFOPLIST_FILE = "Steam Ios AuthenticatorTests/Info.plist";
				LD_RUNPATH_SEARCH_PATHS = "$(inherited) @executable_path/Frameworks @loader_path/Frameworks";
				PRODUCT_BUNDLE_IDENTIFIER = "kiyasov.ru.Steam-Ios-AuthenticatorTests";
				PRODUCT_NAME = "$(TARGET_NAME)";
				SWIFT_VERSION = 4.0;
				TARGETED_DEVICE_FAMILY = "1,2";
				TEST_HOST = "$(BUILT_PRODUCTS_DIR)/Steam Ios Authenticator.app/Steam Ios Authenticator";
			};
			name = Release;
		};
		3794F78620612E7D00D5DA66 /* Debug */ = {
			isa = XCBuildConfiguration;
			buildSettings = {
				ALWAYS_EMBED_SWIFT_STANDARD_LIBRARIES = YES;
				CODE_SIGN_STYLE = Automatic;
				INFOPLIST_FILE = "Steam Ios AuthenticatorUITests/Info.plist";
				LD_RUNPATH_SEARCH_PATHS = "$(inherited) @executable_path/Frameworks @loader_path/Frameworks";
				PRODUCT_BUNDLE_IDENTIFIER = "kiyasov.ru.Steam-Ios-AuthenticatorUITests";
				PRODUCT_NAME = "$(TARGET_NAME)";
				SWIFT_VERSION = 4.0;
				TARGETED_DEVICE_FAMILY = "1,2";
				TEST_TARGET_NAME = "Steam Ios Authenticator";
			};
			name = Debug;
		};
		3794F78720612E7D00D5DA66 /* Release */ = {
			isa = XCBuildConfiguration;
			buildSettings = {
				ALWAYS_EMBED_SWIFT_STANDARD_LIBRARIES = YES;
				CODE_SIGN_STYLE = Automatic;
				INFOPLIST_FILE = "Steam Ios AuthenticatorUITests/Info.plist";
				LD_RUNPATH_SEARCH_PATHS = "$(inherited) @executable_path/Frameworks @loader_path/Frameworks";
				PRODUCT_BUNDLE_IDENTIFIER = "kiyasov.ru.Steam-Ios-AuthenticatorUITests";
				PRODUCT_NAME = "$(TARGET_NAME)";
				SWIFT_VERSION = 4.0;
				TARGETED_DEVICE_FAMILY = "1,2";
				TEST_TARGET_NAME = "Steam Ios Authenticator";
			};
			name = Release;
		};
/* End XCBuildConfiguration section */

/* Begin XCConfigurationList section */
		3794F74F20612E7D00D5DA66 /* Build configuration list for PBXProject "Steam Ios Authenticator" */ = {
			isa = XCConfigurationList;
			buildConfigurations = (
				3794F77D20612E7D00D5DA66 /* Debug */,
				3794F77E20612E7D00D5DA66 /* Release */,
			);
			defaultConfigurationIsVisible = 0;
			defaultConfigurationName = Release;
		};
		3794F77F20612E7D00D5DA66 /* Build configuration list for PBXNativeTarget "Steam Ios Authenticator" */ = {
			isa = XCConfigurationList;
			buildConfigurations = (
				3794F78020612E7D00D5DA66 /* Debug */,
				3794F78120612E7D00D5DA66 /* Release */,
			);
			defaultConfigurationIsVisible = 0;
			defaultConfigurationName = Release;
		};
		3794F78220612E7D00D5DA66 /* Build configuration list for PBXNativeTarget "Steam Ios AuthenticatorTests" */ = {
			isa = XCConfigurationList;
			buildConfigurations = (
				3794F78320612E7D00D5DA66 /* Debug */,
				3794F78420612E7D00D5DA66 /* Release */,
			);
			defaultConfigurationIsVisible = 0;
			defaultConfigurationName = Release;
		};
		3794F78520612E7D00D5DA66 /* Build configuration list for PBXNativeTarget "Steam Ios AuthenticatorUITests" */ = {
			isa = XCConfigurationList;
			buildConfigurations = (
				3794F78620612E7D00D5DA66 /* Debug */,
				3794F78720612E7D00D5DA66 /* Release */,
			);
			defaultConfigurationIsVisible = 0;
			defaultConfigurationName = Release;
		};
/* End XCConfigurationList section */

/* Begin XCVersionGroup section */
		3794F75E20612E7D00D5DA66 /* Steam_Ios_Authenticator.xcdatamodeld */ = {
			isa = XCVersionGroup;
			children = (
				3794F75F20612E7D00D5DA66 /* Steam_Ios_Authenticator.xcdatamodel */,
			);
			currentVersion = 3794F75F20612E7D00D5DA66 /* Steam_Ios_Authenticator.xcdatamodel */;
			path = Steam_Ios_Authenticator.xcdatamodeld;
			sourceTree = "<group>";
			versionGroupType = wrapper.xcdatamodel;
		};
/* End XCVersionGroup section */
	};
	rootObject = 3794F74C20612E7D00D5DA66 /* Project object */;
}
